
Microsoft Visual Studio Solution File, Format Version 12.00
# Visual Studio Version 16
VisualStudioVersion = 16.0.31624.102
MinimumVisualStudioVersion = 10.0.40219.1
Project("{FAE04EC0-301F-11D3-BF4B-00C04F79EFBC}") = "SensorDataLibraryUDPExercise", "SensorDataLibraryUDPExercise\SensorDataLibraryUDPExercise.csproj", "{2048CADA-4400-4B66-90C9-57A2856B637F}"
EndProject
Project("{FAE04EC0-301F-11D3-BF4B-00C04F79EFBC}") = "SensorRESTService", "SensorRESTService\SensorRESTService.csproj", "{2F1284E5-A6B8-4447-B44E-FA9A1D041CC5}"
EndProject
Global
	GlobalSection(SolutionConfigurationPlatforms) = preSolution
		Debug|Any CPU = Debug|Any CPU
		Release|Any CPU = Release|Any CPU
	EndGlobalSection
	GlobalSection(ProjectConfigurationPlatforms) = postSolution
		{2048CADA-4400-4B66-90C9-57A2856B637F}.Debug|Any CPU.ActiveCfg = Debug|Any CPU
		{2048CADA-4400-4B66-90C9-57A2856B637F}.Debug|Any CPU.Build.0 = Debug|Any CPU
		{2048CADA-4400-4B66-90C9-57A2856B637F}.Release|Any CPU.ActiveCfg = Release|Any CPU
		{2048CADA-4400-4B66-90C9-57A2856B637F}.Release|Any CPU.Build.0 = Release|Any CPU
		{2F1284E5-A6B8-4447-B44E-FA9A1D041CC5}.Debug|Any CPU.ActiveCfg = Debug|Any CPU
		{2F1284E5-A6B8-4447-B44E-FA9A1D041CC5}.Debug|Any CPU.Build.0 = Debug|Any CPU
		{2F1284E5-A6B8-4447-B44E-FA9A1D041CC5}.Release|Any CPU.ActiveCfg = Release|Any CPU
		{2F1284E5-A6B8-4447-B44E-FA9A1D041CC5}.Release|Any CPU.Build.0 = Release|Any CPU
	EndGlobalSection
	GlobalSection(SolutionProperties) = preSolution
		HideSolutionNode = FALSE
	EndGlobalSection
	GlobalSection(ExtensibilityGlobals) = postSolution
		SolutionGuid = {09BC599E-C164-4A02-891C-A3204A9CACE6}
	EndGlobalSection
EndGlobal
